{
  "requires": true,
  "lockfileVersion": 1,
  "dependencies": {
    "vue-visibility-change": {
      "version": "1.2.1",
      "resolved": "https://registry.npmjs.org/vue-visibility-change/-/vue-visibility-change-1.2.1.tgz",
      "integrity": "sha512-CgnubNhAY+EXqTHba660YY7FRubBuYkSELIlbXBBdgdiM/g5DmgFtLd2XChCqXs56TTfshnlIA900traBZPZQg=="
    }
  }
}
